<?xml version="1.0" encoding="utf-8"?>
<Project ToolsVersion="4.0" xmlns="http://schemas.microsoft.com/developer/msbuild/2003">
  <ItemGroup>
    <Filter Include="Исходные файлы">
      <UniqueIdentifier>{4FC737F1-C7A5-4376-A066-2A32D752A2FF}</UniqueIdentifier>
      <Extensions>cpp;c;cc;cxx;def;odl;idl;hpj;bat;asm;asmx</Extensions>
    </Filter>
    <Filter Include="Файлы заголовков">
      <UniqueIdentifier>{93995380-89BD-4b04-88EB-625FBE52EBFB}</UniqueIdentifier>
      <Extensions>h;hh;hpp;hxx;hm;inl;inc;xsd</Extensions>
    </Filter>
    <Filter Include="Файлы ресурсов">
      <UniqueIdentifier>{67DA6AB6-F800-4c08-8B7A-83BB121AAD01}</UniqueIdentifier>
      <Extensions>rc;ico;cur;bmp;dlg;rc2;rct;bin;rgs;gif;jpg;jpeg;jpe;resx;tiff;tif;png;wav;mfcribbon-ms</Extensions>
    </Filter>
    <Filter Include="Файлы заголовков\Delegates">
      <UniqueIdentifier>{ac9ed501-53ee-4c54-9a3e-383bd17225ec}</UniqueIdentifier>
    </Filter>
    <Filter Include="Исходные файлы\Delegates">
      <UniqueIdentifier>{bcbfc787-bce6-45e7-bb4c-05d595894e6b}</UniqueIdentifier>
    </Filter>
    <Filter Include="Файлы заголовков\Screen">
      <UniqueIdentifier>{fed839d3-7857-4e0e-a858-fde91f7afd64}</UniqueIdentifier>
    </Filter>
    <Filter Include="Исходные файлы\Screen">
      <UniqueIdentifier>{21a9b2ee-21bf-4ade-940d-337742367314}</UniqueIdentifier>
    </Filter>
    <Filter Include="Файлы заголовков\Wheel">
      <UniqueIdentifier>{ec8aef11-0bd0-4a5c-a41d-8d1b53669045}</UniqueIdentifier>
    </Filter>
    <Filter Include="Исходные файлы\Wheel">
      <UniqueIdentifier>{c7e95bfd-f217-4a68-9b67-4e361272ea71}</UniqueIdentifier>
    </Filter>
    <Filter Include="Файлы заголовков\FileStorage">
      <UniqueIdentifier>{2cca5b4f-ef95-43bb-9352-eaa7b40ebfff}</UniqueIdentifier>
    </Filter>
    <Filter Include="Файлы заголовков\Screen\ScreenCreator">
      <UniqueIdentifier>{65514a62-f36f-4e3b-9152-9d347aea581d}</UniqueIdentifier>
    </Filter>
    <Filter Include="Файлы заголовков\Screen\AllScreens">
      <UniqueIdentifier>{3e9b7817-62be-4af6-bf52-7289c4cebaf3}</UniqueIdentifier>
    </Filter>
    <Filter Include="Файлы заголовков\Timer">
      <UniqueIdentifier>{f6df8c1c-a0b8-457d-91bc-05a49561e8d6}</UniqueIdentifier>
    </Filter>
    <Filter Include="Исходные файлы\Timer">
      <UniqueIdentifier>{5ccf53f9-e1e9-4d4a-a67d-2af7a008269b}</UniqueIdentifier>
    </Filter>
    <Filter Include="Исходные файлы\Collection">
      <UniqueIdentifier>{124e581a-567e-4111-abc4-8e1a20b4f41f}</UniqueIdentifier>
    </Filter>
    <Filter Include="Файлы заголовков\Collection">
      <UniqueIdentifier>{846b8fca-0972-457d-a6d6-cc304e43b7ff}</UniqueIdentifier>
    </Filter>
    <Filter Include="Файлы заголовков\Collection\List">
      <UniqueIdentifier>{01865bab-c9f6-42e7-92f9-62d7cf1a9a81}</UniqueIdentifier>
    </Filter>
    <Filter Include="Файлы заголовков\Iterator">
      <UniqueIdentifier>{34e81072-8ee9-45e7-92a5-2b8e18bb1c35}</UniqueIdentifier>
    </Filter>
    <Filter Include="Исходные файлы\Collection\List">
      <UniqueIdentifier>{75c7f149-97f7-4718-a7df-9b690441e249}</UniqueIdentifier>
    </Filter>
    <Filter Include="Исходные файлы\CollectionRequest">
      <UniqueIdentifier>{4211f925-b398-4a66-94e9-884166d497d9}</UniqueIdentifier>
    </Filter>
    <Filter Include="Файлы заголовков\CollectionRequest">
      <UniqueIdentifier>{a3335d6f-cb4f-4bb7-acf6-6b3ea0caa01c}</UniqueIdentifier>
    </Filter>
    <Filter Include="Исходные файлы\CollectionRequest\WheelListRequest">
      <UniqueIdentifier>{9fe6c085-a7a9-41eb-952d-149fdccbc760}</UniqueIdentifier>
    </Filter>
    <Filter Include="Исходные файлы\CollectionRequest\WheelListRequest\CarWheelFilter">
      <UniqueIdentifier>{a8c188b2-7239-424a-926c-3f6ca14ee61d}</UniqueIdentifier>
    </Filter>
    <Filter Include="Файлы заголовков\CollectionRequest\WheelListRequest">
      <UniqueIdentifier>{db2952cb-ed8b-43a1-aaf5-0f5e9ce47341}</UniqueIdentifier>
    </Filter>
    <Filter Include="Файлы заголовков\CollectionRequest\WheelListRequest\CarWheelFilter">
      <UniqueIdentifier>{2be973eb-15f2-4322-b411-e84f77237793}</UniqueIdentifier>
    </Filter>
    <Filter Include="Исходные файлы\Stream">
      <UniqueIdentifier>{f291bdff-794c-45b6-ab34-013036f04ea5}</UniqueIdentifier>
    </Filter>
    <Filter Include="Исходные файлы\Stream\StreamHelper">
      <UniqueIdentifier>{b1a37b77-1c21-4c0a-a047-73db66effbc1}</UniqueIdentifier>
    </Filter>
    <Filter Include="Исходные файлы\Stream\StreamHelper\SimpleStreamHelper">
      <UniqueIdentifier>{3032ed19-0e4e-4f05-a6af-0cf36232652d}</UniqueIdentifier>
    </Filter>
    <Filter Include="Исходные файлы\Stream\StreamHelper\Base">
      <UniqueIdentifier>{1617cb9f-b4b7-4d66-84fd-9ff2e0ea0a9f}</UniqueIdentifier>
    </Filter>
    <Filter Include="Исходные файлы\Stream\StreamHelper\StreamHelperFactory">
      <UniqueIdentifier>{698b9a85-72e1-4c95-99fa-ff0c3070228b}</UniqueIdentifier>
    </Filter>
    <Filter Include="Исходные файлы\Stream\IOCollection">
      <UniqueIdentifier>{091634a0-2ebb-44e5-9501-e1de70a5a250}</UniqueIdentifier>
    </Filter>
    <Filter Include="Файлы заголовков\Stream">
      <UniqueIdentifier>{568d6853-5acf-4ccc-898f-b869a6104df8}</UniqueIdentifier>
    </Filter>
    <Filter Include="Файлы заголовков\Stream\StreamHelper">
      <UniqueIdentifier>{da34d4a1-8b8d-437c-a94c-2c0ff526be90}</UniqueIdentifier>
    </Filter>
    <Filter Include="Файлы заголовков\Stream\StreamHelper\Base">
      <UniqueIdentifier>{c8ceffa6-925f-4270-9c0e-a6160b20ce13}</UniqueIdentifier>
    </Filter>
    <Filter Include="Файлы заголовков\Stream\StreamHelper\SimpleStreamHelper">
      <UniqueIdentifier>{997b07d0-b661-4c2b-817d-509512d21fcf}</UniqueIdentifier>
    </Filter>
    <Filter Include="Файлы заголовков\Stream\StreamHelper\StreamHelperFactory">
      <UniqueIdentifier>{1fd56c06-5bfe-4fea-99af-1a0ea66fe99a}</UniqueIdentifier>
    </Filter>
    <Filter Include="Файлы заголовков\Stream\IOCollection">
      <UniqueIdentifier>{a3b0eaa7-4277-4e49-a6be-e33f185c525c}</UniqueIdentifier>
    </Filter>
  </ItemGroup>
  <ItemGroup>
    <ClCompile Include="Main.cpp">
      <Filter>Исходные файлы</Filter>
    </ClCompile>
    <ClCompile Include="DelegateVoid.cpp">
      <Filter>Исходные файлы\Delegates</Filter>
    </ClCompile>
    <ClCompile Include="BaseScreen.cpp">
      <Filter>Исходные файлы\Screen</Filter>
    </ClCompile>
    <ClCompile Include="GraphScreen.cpp">
      <Filter>Исходные файлы\Screen</Filter>
    </ClCompile>
    <ClCompile Include="DefaultScreen.cpp">
      <Filter>Исходные файлы\Screen</Filter>
    </ClCompile>
    <ClCompile Include="CarWheel.cpp">
      <Filter>Исходные файлы\Wheel</Filter>
    </ClCompile>
    <ClCompile Include="Wheel.cpp">
      <Filter>Исходные файлы\Wheel</Filter>
    </ClCompile>
    <ClCompile Include="CarWheelScreen.cpp">
      <Filter>Исходные файлы\Screen</Filter>
    </ClCompile>
    <ClCompile Include="SimpleInputStreamHelper.cpp">
      <Filter>Исходные файлы\Stream\StreamHelper\SimpleStreamHelper</Filter>
    </ClCompile>
    <ClCompile Include="SimpleOutputStreamHelper.cpp">
      <Filter>Исходные файлы\Stream\StreamHelper\SimpleStreamHelper</Filter>
    </ClCompile>
    <ClCompile Include="SimpleStreamHelperFactory.cpp">
      <Filter>Исходные файлы\Stream\StreamHelper\StreamHelperFactory</Filter>
    </ClCompile>
    <ClCompile Include="StreamHelperArg.cpp">
      <Filter>Исходные файлы\Stream\StreamHelper\Base</Filter>
    </ClCompile>
    <ClCompile Include="SimpleTimer.cpp">
      <Filter>Исходные файлы\Timer</Filter>
    </ClCompile>
    <ClCompile Include="SimpleList.cpp">
      <Filter>Исходные файлы\Collection\List</Filter>
    </ClCompile>
    <ClCompile Include="CarWheelFilterByManufacturer.cpp">
      <Filter>Исходные файлы\CollectionRequest\WheelListRequest\CarWheelFilter</Filter>
    </ClCompile>
    <ClCompile Include="CarWheelFilterByDiameter.cpp">
      <Filter>Исходные файлы\CollectionRequest\WheelListRequest\CarWheelFilter</Filter>
    </ClCompile>
    <ClCompile Include="CarWheelFilterDecorator.cpp">
      <Filter>Исходные файлы\CollectionRequest\WheelListRequest\CarWheelFilter</Filter>
    </ClCompile>
    <ClCompile Include="IOCollection.cpp">
      <Filter>Исходные файлы\Stream\IOCollection</Filter>
    </ClCompile>
  </ItemGroup>
  <ItemGroup>
    <ClInclude Include="IDelegateVoid.h">
      <Filter>Файлы заголовков\Delegates</Filter>
    </ClInclude>
    <ClInclude Include="DelegateVoid.h">
      <Filter>Файлы заголовков\Delegates</Filter>
    </ClInclude>
    <ClInclude Include="Delegate.hpp">
      <Filter>Файлы заголовков\Delegates</Filter>
    </ClInclude>
    <ClInclude Include="MethodDelegateVoid.hpp">
      <Filter>Файлы заголовков\Delegates</Filter>
    </ClInclude>
    <ClInclude Include="CarWheelScreenCreator.hpp">
      <Filter>Файлы заголовков\Screen\ScreenCreator</Filter>
    </ClInclude>
    <ClInclude Include="DefaultScreenCreator.hpp">
      <Filter>Файлы заголовков\Screen\ScreenCreator</Filter>
    </ClInclude>
    <ClInclude Include="GraphScreenCreator.hpp">
      <Filter>Файлы заголовков\Screen\ScreenCreator</Filter>
    </ClInclude>
    <ClInclude Include="CarWheel.h">
      <Filter>Файлы заголовков\Wheel</Filter>
    </ClInclude>
    <ClInclude Include="Units.hpp">
      <Filter>Файлы заголовков</Filter>
    </ClInclude>
    <ClInclude Include="StorageInterface.h">
      <Filter>Файлы заголовков\FileStorage</Filter>
    </ClInclude>
    <ClInclude Include="Wheel.h">
      <Filter>Файлы заголовков\Wheel</Filter>
    </ClInclude>
    <ClInclude Include="InputStreamHelper.h">
      <Filter>Файлы заголовков\Stream\StreamHelper\Base</Filter>
    </ClInclude>
    <ClInclude Include="OutputStreamHelper.h">
      <Filter>Файлы заголовков\Stream\StreamHelper\Base</Filter>
    </ClInclude>
    <ClInclude Include="StreamHelperFactory.h">
      <Filter>Файлы заголовков\Stream\StreamHelper\StreamHelperFactory</Filter>
    </ClInclude>
    <ClInclude Include="SimpleInputStreamHelper.h">
      <Filter>Файлы заголовков\Stream\StreamHelper\SimpleStreamHelper</Filter>
    </ClInclude>
    <ClInclude Include="SimpleOutputStreamHelper.h">
      <Filter>Файлы заголовков\Stream\StreamHelper\SimpleStreamHelper</Filter>
    </ClInclude>
    <ClInclude Include="StreamHelperArg.h">
      <Filter>Файлы заголовков\Stream\StreamHelper\Base</Filter>
    </ClInclude>
    <ClInclude Include="BaseScreen.h">
      <Filter>Файлы заголовков\Screen\AllScreens</Filter>
    </ClInclude>
    <ClInclude Include="DefaultScreen.h">
      <Filter>Файлы заголовков\Screen\AllScreens</Filter>
    </ClInclude>
    <ClInclude Include="GraphScreen.h">
      <Filter>Файлы заголовков\Screen\AllScreens</Filter>
    </ClInclude>
    <ClInclude Include="CarWheelScreen.h">
      <Filter>Файлы заголовков\Screen\AllScreens</Filter>
    </ClInclude>
    <ClInclude Include="SimpleStreamHelperFactory.h">
      <Filter>Файлы заголовков\Stream\StreamHelper\StreamHelperFactory</Filter>
    </ClInclude>
    <ClInclude Include="SimpleTimer.h">
      <Filter>Файлы заголовков\Timer</Filter>
    </ClInclude>
    <ClInclude Include="ScreenCreator.h">
      <Filter>Файлы заголовков\Screen\ScreenCreator</Filter>
    </ClInclude>
    <ClInclude Include="StaticDelegateVoid.hpp">
      <Filter>Файлы заголовков\Delegates</Filter>
    </ClInclude>
    <ClInclude Include="IIterator.h">
      <Filter>Файлы заголовков\Iterator</Filter>
    </ClInclude>
    <ClInclude Include="ICollection.h">
      <Filter>Файлы заголовков\Collection</Filter>
    </ClInclude>
    <ClInclude Include="SimpleList.h">
      <Filter>Файлы заголовков\Collection\List</Filter>
    </ClInclude>
    <ClInclude Include="CarWheelFilterByManufacturer.h">
      <Filter>Файлы заголовков\CollectionRequest\WheelListRequest\CarWheelFilter</Filter>
    </ClInclude>
    <ClInclude Include="CarWheelFilter.h">
      <Filter>Файлы заголовков\CollectionRequest\WheelListRequest\CarWheelFilter</Filter>
    </ClInclude>
    <ClInclude Include="CarWheelFilterByDiameter.h">
      <Filter>Файлы заголовков\CollectionRequest\WheelListRequest\CarWheelFilter</Filter>
    </ClInclude>
    <ClInclude Include="CarWheelFilterDecorator.h">
      <Filter>Файлы заголовков\CollectionRequest\WheelListRequest\CarWheelFilter</Filter>
    </ClInclude>
    <ClInclude Include="CollectionRequest.hpp">
      <Filter>Файлы заголовков\CollectionRequest</Filter>
    </ClInclude>
    <ClInclude Include="IOCollection.h">
      <Filter>Файлы заголовков\Stream\IOCollection</Filter>
    </ClInclude>
  </ItemGroup>
</Project>