
Microsoft Visual Studio Solution File, Format Version 12.00
# Visual Studio 15
VisualStudioVersion = 15.0.26730.12
MinimumVisualStudioVersion = 10.0.40219.1
Project("{8BC9CEB8-8B4A-11D0-8D11-00A0C91BC942}") = "shazhko01", "shazhko01\shazhko01.vcxproj", "{38253B16-D200-49C1-89A9-3E41CCCA0DE3}"
EndProject
Project("{8BC9CEB8-8B4A-11D0-8D11-00A0C91BC942}") = "shazhko02", "shazhko02\shazhko02.vcxproj", "{B76A34D1-52DD-438F-807F-C321EBB55D46}"
EndProject
Project("{8BC9CEB8-8B4A-11D0-8D11-00A0C91BC942}") = "shazhko03", "shazhko03\shazhko03.vcxproj", "{C03843EE-0D03-432D-91F8-8CE72BE5A271}"
EndProject
Project("{8BC9CEB8-8B4A-11D0-8D11-00A0C91BC942}") = "googletest", "googletest\googletest.vcxproj", "{65F9A369-3423-499F-8EF8-987D6A47F68A}"
EndProject
Project("{8BC9CEB8-8B4A-11D0-8D11-00A0C91BC942}") = "shazhko03-test", "shazhko03-test\shazhko03-test.vcxproj", "{3BD8EA4A-DB1C-4FC6-8E22-06FC535A193D}"
EndProject
Project("{8BC9CEB8-8B4A-11D0-8D11-00A0C91BC942}") = "shazko04", "shazko04\shazko04.vcxproj", "{0C2D9F8F-5A50-449E-B778-9BAA1A2F4495}"
EndProject
Global
	GlobalSection(SolutionConfigurationPlatforms) = preSolution
		Debug|x64 = Debug|x64
		Debug|x86 = Debug|x86
		Release|x64 = Release|x64
		Release|x86 = Release|x86
	EndGlobalSection
	GlobalSection(ProjectConfigurationPlatforms) = postSolution
		{38253B16-D200-49C1-89A9-3E41CCCA0DE3}.Debug|x64.ActiveCfg = Debug|x64
		{38253B16-D200-49C1-89A9-3E41CCCA0DE3}.Debug|x64.Build.0 = Debug|x64
		{38253B16-D200-49C1-89A9-3E41CCCA0DE3}.Debug|x86.ActiveCfg = Debug|Win32
		{38253B16-D200-49C1-89A9-3E41CCCA0DE3}.Debug|x86.Build.0 = Debug|Win32
		{38253B16-D200-49C1-89A9-3E41CCCA0DE3}.Release|x64.ActiveCfg = Release|x64
		{38253B16-D200-49C1-89A9-3E41CCCA0DE3}.Release|x64.Build.0 = Release|x64
		{38253B16-D200-49C1-89A9-3E41CCCA0DE3}.Release|x86.ActiveCfg = Release|Win32
		{38253B16-D200-49C1-89A9-3E41CCCA0DE3}.Release|x86.Build.0 = Release|Win32
		{B76A34D1-52DD-438F-807F-C321EBB55D46}.Debug|x64.ActiveCfg = Debug|x64
		{B76A34D1-52DD-438F-807F-C321EBB55D46}.Debug|x64.Build.0 = Debug|x64
		{B76A34D1-52DD-438F-807F-C321EBB55D46}.Debug|x86.ActiveCfg = Debug|Win32
		{B76A34D1-52DD-438F-807F-C321EBB55D46}.Debug|x86.Build.0 = Debug|Win32
		{B76A34D1-52DD-438F-807F-C321EBB55D46}.Release|x64.ActiveCfg = Release|x64
		{B76A34D1-52DD-438F-807F-C321EBB55D46}.Release|x64.Build.0 = Release|x64
		{B76A34D1-52DD-438F-807F-C321EBB55D46}.Release|x86.ActiveCfg = Release|Win32
		{B76A34D1-52DD-438F-807F-C321EBB55D46}.Release|x86.Build.0 = Release|Win32
		{C03843EE-0D03-432D-91F8-8CE72BE5A271}.Debug|x64.ActiveCfg = Debug|x64
		{C03843EE-0D03-432D-91F8-8CE72BE5A271}.Debug|x64.Build.0 = Debug|x64
		{C03843EE-0D03-432D-91F8-8CE72BE5A271}.Debug|x86.ActiveCfg = Debug|Win32
		{C03843EE-0D03-432D-91F8-8CE72BE5A271}.Debug|x86.Build.0 = Debug|Win32
		{C03843EE-0D03-432D-91F8-8CE72BE5A271}.Release|x64.ActiveCfg = Release|x64
		{C03843EE-0D03-432D-91F8-8CE72BE5A271}.Release|x64.Build.0 = Release|x64
		{C03843EE-0D03-432D-91F8-8CE72BE5A271}.Release|x86.ActiveCfg = Release|Win32
		{C03843EE-0D03-432D-91F8-8CE72BE5A271}.Release|x86.Build.0 = Release|Win32
		{65F9A369-3423-499F-8EF8-987D6A47F68A}.Debug|x64.ActiveCfg = Debug|x64
		{65F9A369-3423-499F-8EF8-987D6A47F68A}.Debug|x64.Build.0 = Debug|x64
		{65F9A369-3423-499F-8EF8-987D6A47F68A}.Debug|x86.ActiveCfg = Debug|Win32
		{65F9A369-3423-499F-8EF8-987D6A47F68A}.Debug|x86.Build.0 = Debug|Win32
		{65F9A369-3423-499F-8EF8-987D6A47F68A}.Release|x64.ActiveCfg = Release|x64
		{65F9A369-3423-499F-8EF8-987D6A47F68A}.Release|x64.Build.0 = Release|x64
		{65F9A369-3423-499F-8EF8-987D6A47F68A}.Release|x86.ActiveCfg = Release|Win32
		{65F9A369-3423-499F-8EF8-987D6A47F68A}.Release|x86.Build.0 = Release|Win32
		{3BD8EA4A-DB1C-4FC6-8E22-06FC535A193D}.Debug|x64.ActiveCfg = Debug|x64
		{3BD8EA4A-DB1C-4FC6-8E22-06FC535A193D}.Debug|x64.Build.0 = Debug|x64
		{3BD8EA4A-DB1C-4FC6-8E22-06FC535A193D}.Debug|x86.ActiveCfg = Debug|Win32
		{3BD8EA4A-DB1C-4FC6-8E22-06FC535A193D}.Debug|x86.Build.0 = Debug|Win32
		{3BD8EA4A-DB1C-4FC6-8E22-06FC535A193D}.Release|x64.ActiveCfg = Release|x64
		{3BD8EA4A-DB1C-4FC6-8E22-06FC535A193D}.Release|x64.Build.0 = Release|x64
		{3BD8EA4A-DB1C-4FC6-8E22-06FC535A193D}.Release|x86.ActiveCfg = Release|Win32
		{3BD8EA4A-DB1C-4FC6-8E22-06FC535A193D}.Release|x86.Build.0 = Release|Win32
		{0C2D9F8F-5A50-449E-B778-9BAA1A2F4495}.Debug|x64.ActiveCfg = Debug|x64
		{0C2D9F8F-5A50-449E-B778-9BAA1A2F4495}.Debug|x64.Build.0 = Debug|x64
		{0C2D9F8F-5A50-449E-B778-9BAA1A2F4495}.Debug|x86.ActiveCfg = Debug|Win32
		{0C2D9F8F-5A50-449E-B778-9BAA1A2F4495}.Debug|x86.Build.0 = Debug|Win32
		{0C2D9F8F-5A50-449E-B778-9BAA1A2F4495}.Release|x64.ActiveCfg = Release|x64
		{0C2D9F8F-5A50-449E-B778-9BAA1A2F4495}.Release|x64.Build.0 = Release|x64
		{0C2D9F8F-5A50-449E-B778-9BAA1A2F4495}.Release|x86.ActiveCfg = Release|Win32
		{0C2D9F8F-5A50-449E-B778-9BAA1A2F4495}.Release|x86.Build.0 = Release|Win32
	EndGlobalSection
	GlobalSection(SolutionProperties) = preSolution
		HideSolutionNode = FALSE
	EndGlobalSection
	GlobalSection(ExtensibilityGlobals) = postSolution
		VisualSVNWorkingCopyRoot = .
		SolutionGuid = {7850629B-CD9C-420D-A884-AEC5F4B20470}
	EndGlobalSection
EndGlobal
