<?xml version="1.0" encoding="utf-8"?>
<Project ToolsVersion="4.0" xmlns="http://schemas.microsoft.com/developer/msbuild/2003">
  <ItemGroup>
    <Filter Include="Исходные файлы">
      <UniqueIdentifier>{4FC737F1-C7A5-4376-A066-2A32D752A2FF}</UniqueIdentifier>
      <Extensions>cpp;c;cc;cxx;def;odl;idl;hpj;bat;asm;asmx</Extensions>
    </Filter>
    <Filter Include="Файлы заголовков">
      <UniqueIdentifier>{93995380-89BD-4b04-88EB-625FBE52EBFB}</UniqueIdentifier>
      <Extensions>h;hh;hpp;hxx;hm;inl;inc;xsd</Extensions>
    </Filter>
    <Filter Include="Файлы ресурсов">
      <UniqueIdentifier>{67DA6AB6-F800-4c08-8B7A-83BB121AAD01}</UniqueIdentifier>
      <Extensions>rc;ico;cur;bmp;dlg;rc2;rct;bin;rgs;gif;jpg;jpeg;jpe;resx;tiff;tif;png;wav;mfcribbon-ms</Extensions>
    </Filter>
    <Filter Include="UniteTest">
      <UniqueIdentifier>{b939eaa6-2f68-46c3-a3ab-3fd94bd809b5}</UniqueIdentifier>
    </Filter>
    <Filter Include="Файлы заголовков\Delegates">
      <UniqueIdentifier>{edd59965-dfc3-4942-a70f-e89edf4c0e79}</UniqueIdentifier>
    </Filter>
    <Filter Include="Исходные файлы\Delegates">
      <UniqueIdentifier>{47ea175d-4afd-4707-bb66-aff60506693a}</UniqueIdentifier>
    </Filter>
  </ItemGroup>
  <ItemGroup>
    <ClInclude Include="CBaseScreen.h">
      <Filter>Файлы заголовков</Filter>
    </ClInclude>
    <ClInclude Include="CCarWheel.h">
      <Filter>Файлы заголовков</Filter>
    </ClInclude>
    <ClInclude Include="CGraphScreen.h">
      <Filter>Файлы заголовков</Filter>
    </ClInclude>
    <ClInclude Include="CScreen.h">
      <Filter>Файлы заголовков</Filter>
    </ClInclude>
    <ClInclude Include="CScreenCarWheel.h">
      <Filter>Файлы заголовков</Filter>
    </ClInclude>
    <ClInclude Include="CWheel.h">
      <Filter>Файлы заголовков</Filter>
    </ClInclude>
    <ClInclude Include="SimpleTimer.h">
      <Filter>Файлы заголовков</Filter>
    </ClInclude>
    <ClInclude Include="CDelegateVoid.h">
      <Filter>Файлы заголовков\Delegates</Filter>
    </ClInclude>
    <ClInclude Include="CMethodDelegateVoid.hpp">
      <Filter>Файлы заголовков\Delegates</Filter>
    </ClInclude>
    <ClInclude Include="CStaticDelegateVoid.hpp">
      <Filter>Файлы заголовков\Delegates</Filter>
    </ClInclude>
    <ClInclude Include="Delegate.hpp">
      <Filter>Файлы заголовков\Delegates</Filter>
    </ClInclude>
  </ItemGroup>
  <ItemGroup>
    <ClCompile Include="CBaseScreen.cpp">
      <Filter>Исходные файлы</Filter>
    </ClCompile>
    <ClCompile Include="CCarWheel.cpp">
      <Filter>Исходные файлы</Filter>
    </ClCompile>
    <ClCompile Include="CScreen.cpp">
      <Filter>Исходные файлы</Filter>
    </ClCompile>
    <ClCompile Include="CScreenCarWheel.cpp">
      <Filter>Исходные файлы</Filter>
    </ClCompile>
    <ClCompile Include="CWheel.cpp">
      <Filter>Исходные файлы</Filter>
    </ClCompile>
    <ClCompile Include="Source.cpp">
      <Filter>Исходные файлы</Filter>
    </ClCompile>
    <ClCompile Include="СGraphScreen.cpp">
      <Filter>Исходные файлы</Filter>
    </ClCompile>
    <ClCompile Include="SimpleTimer.cpp">
      <Filter>Исходные файлы</Filter>
    </ClCompile>
    <ClCompile Include="TEST-SimpleTimer.cpp">
      <Filter>UniteTest</Filter>
    </ClCompile>
    <ClCompile Include="IDelegateVoid.h">
      <Filter>Файлы заголовков\Delegates</Filter>
    </ClCompile>
    <ClCompile Include="CDelegateVoid.cpp">
      <Filter>Исходные файлы\Delegates</Filter>
    </ClCompile>
  </ItemGroup>
</Project>