<?xml version="1.0" encoding="utf-8"?>
<Project ToolsVersion="4.0" xmlns="http://schemas.microsoft.com/developer/msbuild/2003">
  <ItemGroup>
    <Filter Include="Исходные файлы">
      <UniqueIdentifier>{4FC737F1-C7A5-4376-A066-2A32D752A2FF}</UniqueIdentifier>
      <Extensions>cpp;c;cc;cxx;def;odl;idl;hpj;bat;asm;asmx</Extensions>
    </Filter>
    <Filter Include="Файлы заголовков">
      <UniqueIdentifier>{93995380-89BD-4b04-88EB-625FBE52EBFB}</UniqueIdentifier>
      <Extensions>h;hh;hpp;hxx;hm;inl;inc;xsd</Extensions>
    </Filter>
    <Filter Include="Файлы ресурсов">
      <UniqueIdentifier>{67DA6AB6-F800-4c08-8B7A-83BB121AAD01}</UniqueIdentifier>
      <Extensions>rc;ico;cur;bmp;dlg;rc2;rct;bin;rgs;gif;jpg;jpeg;jpe;resx;tiff;tif;png;wav;mfcribbon-ms</Extensions>
    </Filter>
    <Filter Include="Файлы заголовков\Delegates">
      <UniqueIdentifier>{edd59965-dfc3-4942-a70f-e89edf4c0e79}</UniqueIdentifier>
    </Filter>
    <Filter Include="Исходные файлы\Delegates">
      <UniqueIdentifier>{47ea175d-4afd-4707-bb66-aff60506693a}</UniqueIdentifier>
    </Filter>
    <Filter Include="Файлы заголовков\Wheel">
      <UniqueIdentifier>{93cb375e-c9d2-4b49-811b-9a09d032e86a}</UniqueIdentifier>
    </Filter>
    <Filter Include="Исходные файлы\Wheel">
      <UniqueIdentifier>{8cf04dcf-9b08-4532-9837-be32b79bbd98}</UniqueIdentifier>
    </Filter>
    <Filter Include="Файлы заголовков\Screen">
      <UniqueIdentifier>{032f3a4e-e15c-4847-b8ae-f142bcb1b6bc}</UniqueIdentifier>
    </Filter>
    <Filter Include="Исходные файлы\Screen">
      <UniqueIdentifier>{fcb86375-c6e6-467e-9379-735c02368163}</UniqueIdentifier>
    </Filter>
    <Filter Include="Файлы заголовков\ScreenCreator">
      <UniqueIdentifier>{8fe037be-809a-4b6b-aef1-335ae5c26fda}</UniqueIdentifier>
    </Filter>
  </ItemGroup>
  <ItemGroup>
    <ClInclude Include="SimpleTimer.h">
      <Filter>Файлы заголовков</Filter>
    </ClInclude>
    <ClInclude Include="Delegate.hpp">
      <Filter>Файлы заголовков\Delegates</Filter>
    </ClInclude>
    <ClInclude Include="DefaultScreen.h">
      <Filter>Файлы заголовков\Screen</Filter>
    </ClInclude>
    <ClInclude Include="BaseScreen.h">
      <Filter>Файлы заголовков\Screen</Filter>
    </ClInclude>
    <ClInclude Include="GraphScreen.h">
      <Filter>Файлы заголовков\Screen</Filter>
    </ClInclude>
    <ClInclude Include="CarWheel.h">
      <Filter>Файлы заголовков\Wheel</Filter>
    </ClInclude>
    <ClInclude Include="Wheel.h">
      <Filter>Файлы заголовков\Wheel</Filter>
    </ClInclude>
    <ClInclude Include="DelegateVoid.h">
      <Filter>Файлы заголовков\Delegates</Filter>
    </ClInclude>
    <ClInclude Include="MethodDelegateVoid.hpp">
      <Filter>Файлы заголовков\Delegates</Filter>
    </ClInclude>
    <ClInclude Include="StaticDelegateVoid.hpp">
      <Filter>Файлы заголовков\Delegates</Filter>
    </ClInclude>
    <ClInclude Include="CarWheelScreen.h">
      <Filter>Файлы заголовков\Screen</Filter>
    </ClInclude>
    <ClInclude Include="CarWheelScreenCreator.hpp">
      <Filter>Файлы заголовков\ScreenCreator</Filter>
    </ClInclude>
    <ClInclude Include="DefaultScreenCreator.hpp">
      <Filter>Файлы заголовков\ScreenCreator</Filter>
    </ClInclude>
    <ClInclude Include="GraphScreenCreator.hpp">
      <Filter>Файлы заголовков\ScreenCreator</Filter>
    </ClInclude>
    <ClInclude Include="Units.hpp">
      <Filter>Файлы заголовков</Filter>
    </ClInclude>
    <ClInclude Include="ScreenCreator.h">
      <Filter>Файлы заголовков\ScreenCreator</Filter>
    </ClInclude>
  </ItemGroup>
  <ItemGroup>
    <ClCompile Include="Source.cpp">
      <Filter>Исходные файлы</Filter>
    </ClCompile>
    <ClCompile Include="SimpleTimer.cpp">
      <Filter>Исходные файлы</Filter>
    </ClCompile>
    <ClCompile Include="IDelegateVoid.h">
      <Filter>Файлы заголовков\Delegates</Filter>
    </ClCompile>
    <ClCompile Include="DefaultScreen.cpp">
      <Filter>Исходные файлы\Screen</Filter>
    </ClCompile>
    <ClCompile Include="GraphScreen.cpp">
      <Filter>Исходные файлы\Screen</Filter>
    </ClCompile>
    <ClCompile Include="CarWheel.cpp">
      <Filter>Исходные файлы\Wheel</Filter>
    </ClCompile>
    <ClCompile Include="Wheel.cpp">
      <Filter>Исходные файлы\Wheel</Filter>
    </ClCompile>
    <ClCompile Include="DelegateVoid.cpp">
      <Filter>Исходные файлы\Delegates</Filter>
    </ClCompile>
    <ClCompile Include="BaseScreen.cpp">
      <Filter>Исходные файлы\Screen</Filter>
    </ClCompile>
    <ClCompile Include="CarWheelScreen.cpp">
      <Filter>Исходные файлы\Screen</Filter>
    </ClCompile>
  </ItemGroup>
</Project>