
Microsoft Visual Studio Solution File, Format Version 12.00
# Visual Studio 14
VisualStudioVersion = 14.0.25420.1
MinimumVisualStudioVersion = 10.0.40219.1
Project("{8BC9CEB8-8B4A-11D0-8D11-00A0C91BC942}") = "khalin01", "khalin01\khalin01.vcxproj", "{197A3142-091C-487D-9EDC-23E623004FD6}"
EndProject
Project("{8BC9CEB8-8B4A-11D0-8D11-00A0C91BC942}") = "khalin02", "khalin02\khalin02.vcxproj", "{BEF22B89-C283-4C60-9B84-F14D324368CA}"
EndProject
Project("{8BC9CEB8-8B4A-11D0-8D11-00A0C91BC942}") = "khalin03", "khalin03\khalin03.vcxproj", "{09618D42-090A-45AB-AA26-23D3BFAFB8FB}"
EndProject
Project("{8BC9CEB8-8B4A-11D0-8D11-00A0C91BC942}") = "khalin03_tests", "khalin03_tests\khalin03_tests.vcxproj", "{F29F80A4-4C86-42A2-AC76-CECAB7D55046}"
EndProject
Project("{8BC9CEB8-8B4A-11D0-8D11-00A0C91BC942}") = "khalin04", "khalin04\khalin04.vcxproj", "{2AE3221D-1F30-4014-80B9-58DEFB69AD00}"
EndProject
Project("{8BC9CEB8-8B4A-11D0-8D11-00A0C91BC942}") = "khalin04_tests", "khalin04_tests\khalin04_tests.vcxproj", "{C3301635-6045-4A98-9119-A0257FAE3CF1}"
EndProject
Project("{8BC9CEB8-8B4A-11D0-8D11-00A0C91BC942}") = "khalin05", "khalin05\khalin05.vcxproj", "{BA9CAD0A-874F-4E21-AEE9-C58D8B87DA75}"
EndProject
Project("{8BC9CEB8-8B4A-11D0-8D11-00A0C91BC942}") = "khalin05_tests", "khalin05_tests\khalin05_tests.vcxproj", "{E5DA3D7A-55DC-4E0B-87B4-CE341EBBC8A3}"
EndProject
Project("{8BC9CEB8-8B4A-11D0-8D11-00A0C91BC942}") = "FileStore", "FileStore\FileStore.vcxproj", "{A238396F-4A7E-483C-9DA8-4DCFD8B85FA9}"
EndProject
Project("{8BC9CEB8-8B4A-11D0-8D11-00A0C91BC942}") = "khalin06", "khalin06\khalin06.vcxproj", "{C16C12DD-F87F-4997-8ABA-127D214C8B9F}"
EndProject
Project("{8BC9CEB8-8B4A-11D0-8D11-00A0C91BC942}") = "khalin06_tests", "khalin06_tests\khalin06_tests.vcxproj", "{6284B3DD-3F59-4BB6-BC17-705DBBD95B7F}"
EndProject
Project("{8BC9CEB8-8B4A-11D0-8D11-00A0C91BC942}") = "khalin07", "khalin07\khalin07.vcxproj", "{6B26D9B2-2E90-4BB5-8D82-8DB9C56DF4D9}"
EndProject
Project("{8BC9CEB8-8B4A-11D0-8D11-00A0C91BC942}") = "khalin07_tests", "khalin07_tests\khalin07_tests.vcxproj", "{5B64D959-35F3-45A2-9307-57B173ECE857}"
EndProject
Project("{8BC9CEB8-8B4A-11D0-8D11-00A0C91BC942}") = "khalin08_tests", "khalin08_tests\khalin08_tests.vcxproj", "{77BFAF97-B6F5-4587-B8BC-B449D9BC00D0}"
EndProject
Global
	GlobalSection(SolutionConfigurationPlatforms) = preSolution
		Debug|x64 = Debug|x64
		Debug|x86 = Debug|x86
		Release|x64 = Release|x64
		Release|x86 = Release|x86
	EndGlobalSection
	GlobalSection(ProjectConfigurationPlatforms) = postSolution
		{197A3142-091C-487D-9EDC-23E623004FD6}.Debug|x64.ActiveCfg = Debug|x64
		{197A3142-091C-487D-9EDC-23E623004FD6}.Debug|x64.Build.0 = Debug|x64
		{197A3142-091C-487D-9EDC-23E623004FD6}.Debug|x86.ActiveCfg = Debug|Win32
		{197A3142-091C-487D-9EDC-23E623004FD6}.Debug|x86.Build.0 = Debug|Win32
		{197A3142-091C-487D-9EDC-23E623004FD6}.Release|x64.ActiveCfg = Release|x64
		{197A3142-091C-487D-9EDC-23E623004FD6}.Release|x64.Build.0 = Release|x64
		{197A3142-091C-487D-9EDC-23E623004FD6}.Release|x86.ActiveCfg = Release|Win32
		{197A3142-091C-487D-9EDC-23E623004FD6}.Release|x86.Build.0 = Release|Win32
		{BEF22B89-C283-4C60-9B84-F14D324368CA}.Debug|x64.ActiveCfg = Debug|x64
		{BEF22B89-C283-4C60-9B84-F14D324368CA}.Debug|x64.Build.0 = Debug|x64
		{BEF22B89-C283-4C60-9B84-F14D324368CA}.Debug|x86.ActiveCfg = Debug|Win32
		{BEF22B89-C283-4C60-9B84-F14D324368CA}.Debug|x86.Build.0 = Debug|Win32
		{BEF22B89-C283-4C60-9B84-F14D324368CA}.Release|x64.ActiveCfg = Release|x64
		{BEF22B89-C283-4C60-9B84-F14D324368CA}.Release|x64.Build.0 = Release|x64
		{BEF22B89-C283-4C60-9B84-F14D324368CA}.Release|x86.ActiveCfg = Release|Win32
		{BEF22B89-C283-4C60-9B84-F14D324368CA}.Release|x86.Build.0 = Release|Win32
		{09618D42-090A-45AB-AA26-23D3BFAFB8FB}.Debug|x64.ActiveCfg = Debug|x64
		{09618D42-090A-45AB-AA26-23D3BFAFB8FB}.Debug|x64.Build.0 = Debug|x64
		{09618D42-090A-45AB-AA26-23D3BFAFB8FB}.Debug|x86.ActiveCfg = Debug|Win32
		{09618D42-090A-45AB-AA26-23D3BFAFB8FB}.Debug|x86.Build.0 = Debug|Win32
		{09618D42-090A-45AB-AA26-23D3BFAFB8FB}.Release|x64.ActiveCfg = Release|x64
		{09618D42-090A-45AB-AA26-23D3BFAFB8FB}.Release|x64.Build.0 = Release|x64
		{09618D42-090A-45AB-AA26-23D3BFAFB8FB}.Release|x86.ActiveCfg = Release|Win32
		{09618D42-090A-45AB-AA26-23D3BFAFB8FB}.Release|x86.Build.0 = Release|Win32
		{F29F80A4-4C86-42A2-AC76-CECAB7D55046}.Debug|x64.ActiveCfg = Debug|x64
		{F29F80A4-4C86-42A2-AC76-CECAB7D55046}.Debug|x64.Build.0 = Debug|x64
		{F29F80A4-4C86-42A2-AC76-CECAB7D55046}.Debug|x86.ActiveCfg = Debug|Win32
		{F29F80A4-4C86-42A2-AC76-CECAB7D55046}.Debug|x86.Build.0 = Debug|Win32
		{F29F80A4-4C86-42A2-AC76-CECAB7D55046}.Release|x64.ActiveCfg = Release|x64
		{F29F80A4-4C86-42A2-AC76-CECAB7D55046}.Release|x64.Build.0 = Release|x64
		{F29F80A4-4C86-42A2-AC76-CECAB7D55046}.Release|x86.ActiveCfg = Release|Win32
		{F29F80A4-4C86-42A2-AC76-CECAB7D55046}.Release|x86.Build.0 = Release|Win32
		{2AE3221D-1F30-4014-80B9-58DEFB69AD00}.Debug|x64.ActiveCfg = Debug|x64
		{2AE3221D-1F30-4014-80B9-58DEFB69AD00}.Debug|x64.Build.0 = Debug|x64
		{2AE3221D-1F30-4014-80B9-58DEFB69AD00}.Debug|x86.ActiveCfg = Debug|Win32
		{2AE3221D-1F30-4014-80B9-58DEFB69AD00}.Debug|x86.Build.0 = Debug|Win32
		{2AE3221D-1F30-4014-80B9-58DEFB69AD00}.Release|x64.ActiveCfg = Release|x64
		{2AE3221D-1F30-4014-80B9-58DEFB69AD00}.Release|x64.Build.0 = Release|x64
		{2AE3221D-1F30-4014-80B9-58DEFB69AD00}.Release|x86.ActiveCfg = Release|Win32
		{2AE3221D-1F30-4014-80B9-58DEFB69AD00}.Release|x86.Build.0 = Release|Win32
		{C3301635-6045-4A98-9119-A0257FAE3CF1}.Debug|x64.ActiveCfg = Debug|x64
		{C3301635-6045-4A98-9119-A0257FAE3CF1}.Debug|x64.Build.0 = Debug|x64
		{C3301635-6045-4A98-9119-A0257FAE3CF1}.Debug|x86.ActiveCfg = Debug|Win32
		{C3301635-6045-4A98-9119-A0257FAE3CF1}.Debug|x86.Build.0 = Debug|Win32
		{C3301635-6045-4A98-9119-A0257FAE3CF1}.Release|x64.ActiveCfg = Release|x64
		{C3301635-6045-4A98-9119-A0257FAE3CF1}.Release|x64.Build.0 = Release|x64
		{C3301635-6045-4A98-9119-A0257FAE3CF1}.Release|x86.ActiveCfg = Release|Win32
		{C3301635-6045-4A98-9119-A0257FAE3CF1}.Release|x86.Build.0 = Release|Win32
		{BA9CAD0A-874F-4E21-AEE9-C58D8B87DA75}.Debug|x64.ActiveCfg = Debug|x64
		{BA9CAD0A-874F-4E21-AEE9-C58D8B87DA75}.Debug|x64.Build.0 = Debug|x64
		{BA9CAD0A-874F-4E21-AEE9-C58D8B87DA75}.Debug|x86.ActiveCfg = Debug|Win32
		{BA9CAD0A-874F-4E21-AEE9-C58D8B87DA75}.Debug|x86.Build.0 = Debug|Win32
		{BA9CAD0A-874F-4E21-AEE9-C58D8B87DA75}.Release|x64.ActiveCfg = Release|x64
		{BA9CAD0A-874F-4E21-AEE9-C58D8B87DA75}.Release|x64.Build.0 = Release|x64
		{BA9CAD0A-874F-4E21-AEE9-C58D8B87DA75}.Release|x86.ActiveCfg = Release|Win32
		{BA9CAD0A-874F-4E21-AEE9-C58D8B87DA75}.Release|x86.Build.0 = Release|Win32
		{E5DA3D7A-55DC-4E0B-87B4-CE341EBBC8A3}.Debug|x64.ActiveCfg = Debug|x64
		{E5DA3D7A-55DC-4E0B-87B4-CE341EBBC8A3}.Debug|x64.Build.0 = Debug|x64
		{E5DA3D7A-55DC-4E0B-87B4-CE341EBBC8A3}.Debug|x86.ActiveCfg = Debug|Win32
		{E5DA3D7A-55DC-4E0B-87B4-CE341EBBC8A3}.Debug|x86.Build.0 = Debug|Win32
		{E5DA3D7A-55DC-4E0B-87B4-CE341EBBC8A3}.Release|x64.ActiveCfg = Release|x64
		{E5DA3D7A-55DC-4E0B-87B4-CE341EBBC8A3}.Release|x64.Build.0 = Release|x64
		{E5DA3D7A-55DC-4E0B-87B4-CE341EBBC8A3}.Release|x86.ActiveCfg = Release|Win32
		{E5DA3D7A-55DC-4E0B-87B4-CE341EBBC8A3}.Release|x86.Build.0 = Release|Win32
		{A238396F-4A7E-483C-9DA8-4DCFD8B85FA9}.Debug|x64.ActiveCfg = Debug|x64
		{A238396F-4A7E-483C-9DA8-4DCFD8B85FA9}.Debug|x64.Build.0 = Debug|x64
		{A238396F-4A7E-483C-9DA8-4DCFD8B85FA9}.Debug|x86.ActiveCfg = Debug|Win32
		{A238396F-4A7E-483C-9DA8-4DCFD8B85FA9}.Debug|x86.Build.0 = Debug|Win32
		{A238396F-4A7E-483C-9DA8-4DCFD8B85FA9}.Release|x64.ActiveCfg = Release|x64
		{A238396F-4A7E-483C-9DA8-4DCFD8B85FA9}.Release|x64.Build.0 = Release|x64
		{A238396F-4A7E-483C-9DA8-4DCFD8B85FA9}.Release|x86.ActiveCfg = Release|Win32
		{A238396F-4A7E-483C-9DA8-4DCFD8B85FA9}.Release|x86.Build.0 = Release|Win32
		{C16C12DD-F87F-4997-8ABA-127D214C8B9F}.Debug|x64.ActiveCfg = Debug|x64
		{C16C12DD-F87F-4997-8ABA-127D214C8B9F}.Debug|x64.Build.0 = Debug|x64
		{C16C12DD-F87F-4997-8ABA-127D214C8B9F}.Debug|x86.ActiveCfg = Debug|Win32
		{C16C12DD-F87F-4997-8ABA-127D214C8B9F}.Debug|x86.Build.0 = Debug|Win32
		{C16C12DD-F87F-4997-8ABA-127D214C8B9F}.Release|x64.ActiveCfg = Release|x64
		{C16C12DD-F87F-4997-8ABA-127D214C8B9F}.Release|x64.Build.0 = Release|x64
		{C16C12DD-F87F-4997-8ABA-127D214C8B9F}.Release|x86.ActiveCfg = Release|Win32
		{C16C12DD-F87F-4997-8ABA-127D214C8B9F}.Release|x86.Build.0 = Release|Win32
		{6284B3DD-3F59-4BB6-BC17-705DBBD95B7F}.Debug|x64.ActiveCfg = Debug|x64
		{6284B3DD-3F59-4BB6-BC17-705DBBD95B7F}.Debug|x64.Build.0 = Debug|x64
		{6284B3DD-3F59-4BB6-BC17-705DBBD95B7F}.Debug|x86.ActiveCfg = Debug|Win32
		{6284B3DD-3F59-4BB6-BC17-705DBBD95B7F}.Debug|x86.Build.0 = Debug|Win32
		{6284B3DD-3F59-4BB6-BC17-705DBBD95B7F}.Release|x64.ActiveCfg = Release|x64
		{6284B3DD-3F59-4BB6-BC17-705DBBD95B7F}.Release|x64.Build.0 = Release|x64
		{6284B3DD-3F59-4BB6-BC17-705DBBD95B7F}.Release|x86.ActiveCfg = Release|Win32
		{6284B3DD-3F59-4BB6-BC17-705DBBD95B7F}.Release|x86.Build.0 = Release|Win32
		{6B26D9B2-2E90-4BB5-8D82-8DB9C56DF4D9}.Debug|x64.ActiveCfg = Debug|x64
		{6B26D9B2-2E90-4BB5-8D82-8DB9C56DF4D9}.Debug|x64.Build.0 = Debug|x64
		{6B26D9B2-2E90-4BB5-8D82-8DB9C56DF4D9}.Debug|x86.ActiveCfg = Debug|Win32
		{6B26D9B2-2E90-4BB5-8D82-8DB9C56DF4D9}.Debug|x86.Build.0 = Debug|Win32
		{6B26D9B2-2E90-4BB5-8D82-8DB9C56DF4D9}.Release|x64.ActiveCfg = Release|x64
		{6B26D9B2-2E90-4BB5-8D82-8DB9C56DF4D9}.Release|x64.Build.0 = Release|x64
		{6B26D9B2-2E90-4BB5-8D82-8DB9C56DF4D9}.Release|x86.ActiveCfg = Release|Win32
		{6B26D9B2-2E90-4BB5-8D82-8DB9C56DF4D9}.Release|x86.Build.0 = Release|Win32
		{5B64D959-35F3-45A2-9307-57B173ECE857}.Debug|x64.ActiveCfg = Debug|x64
		{5B64D959-35F3-45A2-9307-57B173ECE857}.Debug|x64.Build.0 = Debug|x64
		{5B64D959-35F3-45A2-9307-57B173ECE857}.Debug|x86.ActiveCfg = Debug|Win32
		{5B64D959-35F3-45A2-9307-57B173ECE857}.Debug|x86.Build.0 = Debug|Win32
		{5B64D959-35F3-45A2-9307-57B173ECE857}.Release|x64.ActiveCfg = Release|x64
		{5B64D959-35F3-45A2-9307-57B173ECE857}.Release|x64.Build.0 = Release|x64
		{5B64D959-35F3-45A2-9307-57B173ECE857}.Release|x86.ActiveCfg = Release|Win32
		{5B64D959-35F3-45A2-9307-57B173ECE857}.Release|x86.Build.0 = Release|Win32
		{77BFAF97-B6F5-4587-B8BC-B449D9BC00D0}.Debug|x64.ActiveCfg = Debug|x64
		{77BFAF97-B6F5-4587-B8BC-B449D9BC00D0}.Debug|x64.Build.0 = Debug|x64
		{77BFAF97-B6F5-4587-B8BC-B449D9BC00D0}.Debug|x86.ActiveCfg = Debug|Win32
		{77BFAF97-B6F5-4587-B8BC-B449D9BC00D0}.Debug|x86.Build.0 = Debug|Win32
		{77BFAF97-B6F5-4587-B8BC-B449D9BC00D0}.Release|x64.ActiveCfg = Release|x64
		{77BFAF97-B6F5-4587-B8BC-B449D9BC00D0}.Release|x64.Build.0 = Release|x64
		{77BFAF97-B6F5-4587-B8BC-B449D9BC00D0}.Release|x86.ActiveCfg = Release|Win32
		{77BFAF97-B6F5-4587-B8BC-B449D9BC00D0}.Release|x86.Build.0 = Release|Win32
	EndGlobalSection
	GlobalSection(SolutionProperties) = preSolution
		HideSolutionNode = FALSE
	EndGlobalSection
EndGlobal
