
Microsoft Visual Studio Solution File, Format Version 12.00
# Visual Studio 14
VisualStudioVersion = 14.0.25420.1
MinimumVisualStudioVersion = 10.0.40219.1
Project("{8BC9CEB8-8B4A-11D0-8D11-00A0C91BC942}") = "khalin01", "khalin01\khalin01.vcxproj", "{197A3142-091C-487D-9EDC-23E623004FD6}"
EndProject
Project("{8BC9CEB8-8B4A-11D0-8D11-00A0C91BC942}") = "khalin02", "khalin02\khalin02.vcxproj", "{BEF22B89-C283-4C60-9B84-F14D324368CA}"
EndProject
Project("{8BC9CEB8-8B4A-11D0-8D11-00A0C91BC942}") = "khalin03", "khalin03\khalin03.vcxproj", "{09618D42-090A-45AB-AA26-23D3BFAFB8FB}"
EndProject
Project("{8BC9CEB8-8B4A-11D0-8D11-00A0C91BC942}") = "khalin03_tests", "khalin03_tests\khalin03_tests.vcxproj", "{F29F80A4-4C86-42A2-AC76-CECAB7D55046}"
EndProject
Project("{8BC9CEB8-8B4A-11D0-8D11-00A0C91BC942}") = "khalin04", "khalin04\khalin04.vcxproj", "{2AE3221D-1F30-4014-80B9-58DEFB69AD00}"
EndProject
Project("{8BC9CEB8-8B4A-11D0-8D11-00A0C91BC942}") = "khalin04_tests", "khalin04_tests\khalin04_tests.vcxproj", "{C3301635-6045-4A98-9119-A0257FAE3CF1}"
EndProject
Global
	GlobalSection(SolutionConfigurationPlatforms) = preSolution
		Debug|x64 = Debug|x64
		Debug|x86 = Debug|x86
		Release|x64 = Release|x64
		Release|x86 = Release|x86
	EndGlobalSection
	GlobalSection(ProjectConfigurationPlatforms) = postSolution
		{197A3142-091C-487D-9EDC-23E623004FD6}.Debug|x64.ActiveCfg = Debug|x64
		{197A3142-091C-487D-9EDC-23E623004FD6}.Debug|x64.Build.0 = Debug|x64
		{197A3142-091C-487D-9EDC-23E623004FD6}.Debug|x86.ActiveCfg = Debug|Win32
		{197A3142-091C-487D-9EDC-23E623004FD6}.Debug|x86.Build.0 = Debug|Win32
		{197A3142-091C-487D-9EDC-23E623004FD6}.Release|x64.ActiveCfg = Release|x64
		{197A3142-091C-487D-9EDC-23E623004FD6}.Release|x64.Build.0 = Release|x64
		{197A3142-091C-487D-9EDC-23E623004FD6}.Release|x86.ActiveCfg = Release|Win32
		{197A3142-091C-487D-9EDC-23E623004FD6}.Release|x86.Build.0 = Release|Win32
		{BEF22B89-C283-4C60-9B84-F14D324368CA}.Debug|x64.ActiveCfg = Debug|x64
		{BEF22B89-C283-4C60-9B84-F14D324368CA}.Debug|x64.Build.0 = Debug|x64
		{BEF22B89-C283-4C60-9B84-F14D324368CA}.Debug|x86.ActiveCfg = Debug|Win32
		{BEF22B89-C283-4C60-9B84-F14D324368CA}.Debug|x86.Build.0 = Debug|Win32
		{BEF22B89-C283-4C60-9B84-F14D324368CA}.Release|x64.ActiveCfg = Release|x64
		{BEF22B89-C283-4C60-9B84-F14D324368CA}.Release|x64.Build.0 = Release|x64
		{BEF22B89-C283-4C60-9B84-F14D324368CA}.Release|x86.ActiveCfg = Release|Win32
		{BEF22B89-C283-4C60-9B84-F14D324368CA}.Release|x86.Build.0 = Release|Win32
		{09618D42-090A-45AB-AA26-23D3BFAFB8FB}.Debug|x64.ActiveCfg = Debug|x64
		{09618D42-090A-45AB-AA26-23D3BFAFB8FB}.Debug|x64.Build.0 = Debug|x64
		{09618D42-090A-45AB-AA26-23D3BFAFB8FB}.Debug|x86.ActiveCfg = Debug|Win32
		{09618D42-090A-45AB-AA26-23D3BFAFB8FB}.Debug|x86.Build.0 = Debug|Win32
		{09618D42-090A-45AB-AA26-23D3BFAFB8FB}.Release|x64.ActiveCfg = Release|x64
		{09618D42-090A-45AB-AA26-23D3BFAFB8FB}.Release|x64.Build.0 = Release|x64
		{09618D42-090A-45AB-AA26-23D3BFAFB8FB}.Release|x86.ActiveCfg = Release|Win32
		{09618D42-090A-45AB-AA26-23D3BFAFB8FB}.Release|x86.Build.0 = Release|Win32
		{F29F80A4-4C86-42A2-AC76-CECAB7D55046}.Debug|x64.ActiveCfg = Debug|x64
		{F29F80A4-4C86-42A2-AC76-CECAB7D55046}.Debug|x64.Build.0 = Debug|x64
		{F29F80A4-4C86-42A2-AC76-CECAB7D55046}.Debug|x86.ActiveCfg = Debug|Win32
		{F29F80A4-4C86-42A2-AC76-CECAB7D55046}.Debug|x86.Build.0 = Debug|Win32
		{F29F80A4-4C86-42A2-AC76-CECAB7D55046}.Release|x64.ActiveCfg = Release|x64
		{F29F80A4-4C86-42A2-AC76-CECAB7D55046}.Release|x64.Build.0 = Release|x64
		{F29F80A4-4C86-42A2-AC76-CECAB7D55046}.Release|x86.ActiveCfg = Release|Win32
		{F29F80A4-4C86-42A2-AC76-CECAB7D55046}.Release|x86.Build.0 = Release|Win32
		{2AE3221D-1F30-4014-80B9-58DEFB69AD00}.Debug|x64.ActiveCfg = Debug|x64
		{2AE3221D-1F30-4014-80B9-58DEFB69AD00}.Debug|x64.Build.0 = Debug|x64
		{2AE3221D-1F30-4014-80B9-58DEFB69AD00}.Debug|x86.ActiveCfg = Debug|Win32
		{2AE3221D-1F30-4014-80B9-58DEFB69AD00}.Debug|x86.Build.0 = Debug|Win32
		{2AE3221D-1F30-4014-80B9-58DEFB69AD00}.Release|x64.ActiveCfg = Release|x64
		{2AE3221D-1F30-4014-80B9-58DEFB69AD00}.Release|x64.Build.0 = Release|x64
		{2AE3221D-1F30-4014-80B9-58DEFB69AD00}.Release|x86.ActiveCfg = Release|Win32
		{2AE3221D-1F30-4014-80B9-58DEFB69AD00}.Release|x86.Build.0 = Release|Win32
		{C3301635-6045-4A98-9119-A0257FAE3CF1}.Debug|x64.ActiveCfg = Debug|x64
		{C3301635-6045-4A98-9119-A0257FAE3CF1}.Debug|x64.Build.0 = Debug|x64
		{C3301635-6045-4A98-9119-A0257FAE3CF1}.Debug|x86.ActiveCfg = Debug|Win32
		{C3301635-6045-4A98-9119-A0257FAE3CF1}.Debug|x86.Build.0 = Debug|Win32
		{C3301635-6045-4A98-9119-A0257FAE3CF1}.Release|x64.ActiveCfg = Release|x64
		{C3301635-6045-4A98-9119-A0257FAE3CF1}.Release|x64.Build.0 = Release|x64
		{C3301635-6045-4A98-9119-A0257FAE3CF1}.Release|x86.ActiveCfg = Release|Win32
		{C3301635-6045-4A98-9119-A0257FAE3CF1}.Release|x86.Build.0 = Release|Win32
	EndGlobalSection
	GlobalSection(SolutionProperties) = preSolution
		HideSolutionNode = FALSE
	EndGlobalSection
EndGlobal
